
Microsoft Visual Studio Solution File, Format Version 12.00
# Visual Studio Version 17
VisualStudioVersion = 17.9.34723.18
MinimumVisualStudioVersion = 10.0.40219.1
Project("{FAE04EC0-301F-11D3-BF4B-00C04F79EFBC}") = "SOLIDTASK", "SOLIDTASK\SOLIDTASK.csproj", "{E7443F9A-BCAE-435E-8499-D3EDE60D216D}"
EndProject
Global
	GlobalSection(SolutionConfigurationPlatforms) = preSolution
		Debug|Any CPU = Debug|Any CPU
		Release|Any CPU = Release|Any CPU
	EndGlobalSection
	GlobalSection(ProjectConfigurationPlatforms) = postSolution
		{E7443F9A-BCAE-435E-8499-D3EDE60D216D}.Debug|Any CPU.ActiveCfg = Debug|Any CPU
		{E7443F9A-BCAE-435E-8499-D3EDE60D216D}.Debug|Any CPU.Build.0 = Debug|Any CPU
		{E7443F9A-BCAE-435E-8499-D3EDE60D216D}.Release|Any CPU.ActiveCfg = Release|Any CPU
		{E7443F9A-BCAE-435E-8499-D3EDE60D216D}.Release|Any CPU.Build.0 = Release|Any CPU
	EndGlobalSection
	GlobalSection(SolutionProperties) = preSolution
		HideSolutionNode = FALSE
	EndGlobalSection
	GlobalSection(ExtensibilityGlobals) = postSolution
		SolutionGuid = {9E1EC2E1-36F2-4D3E-8400-169BEE449F46}
	EndGlobalSection
EndGlobal
